
Microsoft Visual Studio Solution File, Format Version 12.00
# Visual Studio Version 17
VisualStudioVersion = 17.9.34728.123
MinimumVisualStudioVersion = 10.0.40219.1
Project("{9A19103F-16F7-4668-BE54-9A1E7A4F7556}") = "EventsContracts", "backend\contacts\EventsContracts\EventsContracts.csproj", "{098B4D47-74D9-430F-AE65-B1DE58D57E48}"
EndProject
Project("{9A19103F-16F7-4668-BE54-9A1E7A4F7556}") = "MarketplaceService.API", "backend\services\MarketplaceService\src\MarketplaceService.API\MarketplaceService.API.csproj", "{A4FA793C-AE7D-43F2-BD43-1103AA52F763}"
EndProject
Project("{9A19103F-16F7-4668-BE54-9A1E7A4F7556}") = "MarketplaceService.Application", "backend\services\MarketplaceService\src\MarketplaceService.Application\MarketplaceService.Application.csproj", "{E1082874-9E04-4913-9280-3B29F3D7B8B0}"
EndProject
Project("{9A19103F-16F7-4668-BE54-9A1E7A4F7556}") = "MarketplaceService.Infrastructure", "backend\services\MarketplaceService\src\MarketplaceService.Infrastructure\MarketplaceService.Infrastructure.csproj", "{CD51BABA-0809-4A00-BBCC-8CCFDBDF952A}"
EndProject
Project("{9A19103F-16F7-4668-BE54-9A1E7A4F7556}") = "MarketplaceService.Domain", "backend\services\MarketplaceService\src\MarketplaceService.Domain\MarketplaceService.Domain.csproj", "{5F3D2EC6-AE5B-4FA2-A954-314F4EAA4587}"
EndProject
Project("{9A19103F-16F7-4668-BE54-9A1E7A4F7556}") = "UsersService", "backend\services\UsersService\UsersService.csproj", "{E8825085-F794-40FA-82FF-469A57B1FD45}"
EndProject
Project("{9A19103F-16F7-4668-BE54-9A1E7A4F7556}") = "Gateway", "backend\infrastructure\Gateway\Gateway.csproj", "{16A9249E-9615-4546-B026-2604F2857B36}"
EndProject
Project("{E53339B2-1760-4266-BCC7-CA923CBCF16C}") = "docker-compose", "docker-compose.dcproj", "{82C47C45-4322-4CBE-BB34-0B4C3C900714}"
EndProject
Project("{FAE04EC0-301F-11D3-BF4B-00C04F79EFBC}") = "Aspire.AppHost", "backend\infrastructure\Aspire.AppHost\Aspire.AppHost.csproj", "{0063F1FC-0EF9-44FA-A21E-EA54C86ACACD}"
EndProject
Project("{FAE04EC0-301F-11D3-BF4B-00C04F79EFBC}") = "Aspire.ServiceDefaults", "backend\infrastructure\Aspire.ServiceDefaults\Aspire.ServiceDefaults.csproj", "{966B3EAC-CB69-4D3E-87C1-57D191DA1805}"
EndProject
Project("{FAE04EC0-301F-11D3-BF4B-00C04F79EFBC}") = "MarketplaceService.API.tests", "backend\services\MarketplaceService\test\MarketplaceService.API.tests\MarketplaceService.API.tests.csproj", "{2CB83031-F0A4-4C16-9504-EED6AA7FED5B}"
EndProject
Project("{FAE04EC0-301F-11D3-BF4B-00C04F79EFBC}") = "MarketplaceService.Domain.tests", "backend\services\MarketplaceService\test\MarketplaceService.Domain.tests\MarketplaceService.Domain.tests.csproj", "{C67F01B7-5262-4044-93E0-FF23E6190876}"
EndProject
Project("{FAE04EC0-301F-11D3-BF4B-00C04F79EFBC}") = "MarketplaceService.Application.tests", "backend\services\MarketplaceService\test\MarketplaceService.Application.tests\MarketplaceService.Application.tests.csproj", "{7F3BA9AF-963B-470A-A926-E29F78566D13}"
EndProject
Project("{FAE04EC0-301F-11D3-BF4B-00C04F79EFBC}") = "MarketplaceService.Infrastructure.tests", "backend\services\MarketplaceService\test\MarketplaceService.Infrastructure.tests\MarketplaceService.Infrastructure.tests.csproj", "{FBC7ED55-FFF4-4BE7-830C-1954000C51E0}"
EndProject
Project("{2150E333-8FDC-42A3-9474-1A3956D46DE8}") = "Solution Items", "Solution Items", "{9B2DD3C7-DFCD-4B41-8B16-455A6A15F80B}"
	ProjectSection(SolutionItems) = preProject
		.editorconfig = .editorconfig
	EndProjectSection
EndProject
Project("{FAE04EC0-301F-11D3-BF4B-00C04F79EFBC}") = "AccountingService", "backend\services\AccountingService\AccountingService.csproj", "{2D01C54F-E7EB-4C04-87AA-4A7FFB911D8B}"
EndProject
Global
	GlobalSection(SolutionConfigurationPlatforms) = preSolution
		Debug|Any CPU = Debug|Any CPU
		Release|Any CPU = Release|Any CPU
	EndGlobalSection
	GlobalSection(ProjectConfigurationPlatforms) = postSolution
		{098B4D47-74D9-430F-AE65-B1DE58D57E48}.Debug|Any CPU.ActiveCfg = Debug|Any CPU
		{098B4D47-74D9-430F-AE65-B1DE58D57E48}.Debug|Any CPU.Build.0 = Debug|Any CPU
		{098B4D47-74D9-430F-AE65-B1DE58D57E48}.Release|Any CPU.ActiveCfg = Release|Any CPU
		{098B4D47-74D9-430F-AE65-B1DE58D57E48}.Release|Any CPU.Build.0 = Release|Any CPU
		{A4FA793C-AE7D-43F2-BD43-1103AA52F763}.Debug|Any CPU.ActiveCfg = Debug|Any CPU
		{A4FA793C-AE7D-43F2-BD43-1103AA52F763}.Debug|Any CPU.Build.0 = Debug|Any CPU
		{A4FA793C-AE7D-43F2-BD43-1103AA52F763}.Release|Any CPU.ActiveCfg = Release|Any CPU
		{A4FA793C-AE7D-43F2-BD43-1103AA52F763}.Release|Any CPU.Build.0 = Release|Any CPU
		{E1082874-9E04-4913-9280-3B29F3D7B8B0}.Debug|Any CPU.ActiveCfg = Debug|Any CPU
		{E1082874-9E04-4913-9280-3B29F3D7B8B0}.Debug|Any CPU.Build.0 = Debug|Any CPU
		{E1082874-9E04-4913-9280-3B29F3D7B8B0}.Release|Any CPU.ActiveCfg = Release|Any CPU
		{E1082874-9E04-4913-9280-3B29F3D7B8B0}.Release|Any CPU.Build.0 = Release|Any CPU
		{CD51BABA-0809-4A00-BBCC-8CCFDBDF952A}.Debug|Any CPU.ActiveCfg = Debug|Any CPU
		{CD51BABA-0809-4A00-BBCC-8CCFDBDF952A}.Debug|Any CPU.Build.0 = Debug|Any CPU
		{CD51BABA-0809-4A00-BBCC-8CCFDBDF952A}.Release|Any CPU.ActiveCfg = Release|Any CPU
		{CD51BABA-0809-4A00-BBCC-8CCFDBDF952A}.Release|Any CPU.Build.0 = Release|Any CPU
		{5F3D2EC6-AE5B-4FA2-A954-314F4EAA4587}.Debug|Any CPU.ActiveCfg = Debug|Any CPU
		{5F3D2EC6-AE5B-4FA2-A954-314F4EAA4587}.Debug|Any CPU.Build.0 = Debug|Any CPU
		{5F3D2EC6-AE5B-4FA2-A954-314F4EAA4587}.Release|Any CPU.ActiveCfg = Release|Any CPU
		{5F3D2EC6-AE5B-4FA2-A954-314F4EAA4587}.Release|Any CPU.Build.0 = Release|Any CPU
		{E8825085-F794-40FA-82FF-469A57B1FD45}.Debug|Any CPU.ActiveCfg = Debug|Any CPU
		{E8825085-F794-40FA-82FF-469A57B1FD45}.Debug|Any CPU.Build.0 = Debug|Any CPU
		{E8825085-F794-40FA-82FF-469A57B1FD45}.Release|Any CPU.ActiveCfg = Release|Any CPU
		{E8825085-F794-40FA-82FF-469A57B1FD45}.Release|Any CPU.Build.0 = Release|Any CPU
		{16A9249E-9615-4546-B026-2604F2857B36}.Debug|Any CPU.ActiveCfg = Debug|Any CPU
		{16A9249E-9615-4546-B026-2604F2857B36}.Debug|Any CPU.Build.0 = Debug|Any CPU
		{16A9249E-9615-4546-B026-2604F2857B36}.Release|Any CPU.ActiveCfg = Release|Any CPU
		{16A9249E-9615-4546-B026-2604F2857B36}.Release|Any CPU.Build.0 = Release|Any CPU
		{82C47C45-4322-4CBE-BB34-0B4C3C900714}.Debug|Any CPU.ActiveCfg = Debug|Any CPU
		{82C47C45-4322-4CBE-BB34-0B4C3C900714}.Debug|Any CPU.Build.0 = Debug|Any CPU
		{82C47C45-4322-4CBE-BB34-0B4C3C900714}.Release|Any CPU.ActiveCfg = Release|Any CPU
		{82C47C45-4322-4CBE-BB34-0B4C3C900714}.Release|Any CPU.Build.0 = Release|Any CPU
		{0063F1FC-0EF9-44FA-A21E-EA54C86ACACD}.Debug|Any CPU.ActiveCfg = Debug|Any CPU
		{0063F1FC-0EF9-44FA-A21E-EA54C86ACACD}.Debug|Any CPU.Build.0 = Debug|Any CPU
		{0063F1FC-0EF9-44FA-A21E-EA54C86ACACD}.Release|Any CPU.ActiveCfg = Release|Any CPU
		{0063F1FC-0EF9-44FA-A21E-EA54C86ACACD}.Release|Any CPU.Build.0 = Release|Any CPU
		{966B3EAC-CB69-4D3E-87C1-57D191DA1805}.Debug|Any CPU.ActiveCfg = Debug|Any CPU
		{966B3EAC-CB69-4D3E-87C1-57D191DA1805}.Debug|Any CPU.Build.0 = Debug|Any CPU
		{966B3EAC-CB69-4D3E-87C1-57D191DA1805}.Release|Any CPU.ActiveCfg = Release|Any CPU
		{966B3EAC-CB69-4D3E-87C1-57D191DA1805}.Release|Any CPU.Build.0 = Release|Any CPU
		{2CB83031-F0A4-4C16-9504-EED6AA7FED5B}.Debug|Any CPU.ActiveCfg = Debug|Any CPU
		{2CB83031-F0A4-4C16-9504-EED6AA7FED5B}.Debug|Any CPU.Build.0 = Debug|Any CPU
		{2CB83031-F0A4-4C16-9504-EED6AA7FED5B}.Release|Any CPU.ActiveCfg = Release|Any CPU
		{2CB83031-F0A4-4C16-9504-EED6AA7FED5B}.Release|Any CPU.Build.0 = Release|Any CPU
		{C67F01B7-5262-4044-93E0-FF23E6190876}.Debug|Any CPU.ActiveCfg = Debug|Any CPU
		{C67F01B7-5262-4044-93E0-FF23E6190876}.Debug|Any CPU.Build.0 = Debug|Any CPU
		{C67F01B7-5262-4044-93E0-FF23E6190876}.Release|Any CPU.ActiveCfg = Release|Any CPU
		{C67F01B7-5262-4044-93E0-FF23E6190876}.Release|Any CPU.Build.0 = Release|Any CPU
		{7F3BA9AF-963B-470A-A926-E29F78566D13}.Debug|Any CPU.ActiveCfg = Debug|Any CPU
		{7F3BA9AF-963B-470A-A926-E29F78566D13}.Debug|Any CPU.Build.0 = Debug|Any CPU
		{7F3BA9AF-963B-470A-A926-E29F78566D13}.Release|Any CPU.ActiveCfg = Release|Any CPU
		{7F3BA9AF-963B-470A-A926-E29F78566D13}.Release|Any CPU.Build.0 = Release|Any CPU
		{FBC7ED55-FFF4-4BE7-830C-1954000C51E0}.Debug|Any CPU.ActiveCfg = Debug|Any CPU
		{FBC7ED55-FFF4-4BE7-830C-1954000C51E0}.Debug|Any CPU.Build.0 = Debug|Any CPU
		{FBC7ED55-FFF4-4BE7-830C-1954000C51E0}.Release|Any CPU.ActiveCfg = Release|Any CPU
		{FBC7ED55-FFF4-4BE7-830C-1954000C51E0}.Release|Any CPU.Build.0 = Release|Any CPU
		{2D01C54F-E7EB-4C04-87AA-4A7FFB911D8B}.Debug|Any CPU.ActiveCfg = Debug|Any CPU
		{2D01C54F-E7EB-4C04-87AA-4A7FFB911D8B}.Debug|Any CPU.Build.0 = Debug|Any CPU
		{2D01C54F-E7EB-4C04-87AA-4A7FFB911D8B}.Release|Any CPU.ActiveCfg = Release|Any CPU
		{2D01C54F-E7EB-4C04-87AA-4A7FFB911D8B}.Release|Any CPU.Build.0 = Release|Any CPU
	EndGlobalSection
	GlobalSection(SolutionProperties) = preSolution
		HideSolutionNode = FALSE
	EndGlobalSection
	GlobalSection(ExtensibilityGlobals) = postSolution
		SolutionGuid = {E9C1FC0E-F407-4D5F-99C2-75329DD8AC8D}
	EndGlobalSection
EndGlobal
